PODS:
  - RxAtomic (4.4.0)
  - RxCocoa (4.4.0):
    - RxSwift (~> 4.0)
  - RxSwift (4.4.0):
    - RxAtomic (~> 4.4)
  - SnapKit (4.2.0)
  - SwiftLint (0.29.4)
  - SwiftRichString (2.0.5)

DEPENDENCIES:
  - RxCocoa
  - RxSwift
  - SnapKit (~> 4.2.0)
  - SwiftLint
  - SwiftRichString

SPEC REPOS:
  https://github.com/cocoapods/specs.git:
    - RxAtomic
    - RxCocoa
    - RxSwift
    - SnapKit
    - SwiftLint
    - SwiftRichString

SPEC CHECKSUMS:
  RxAtomic: eacf60db868c96bfd63320e28619fe29c179656f
  RxCocoa: df63ebf7b9a70d6b4eeea407ed5dd4efc8979749
  RxSwift: 5976ecd04fc2fefd648827c23de5e11157faa973
  SnapKit: fe8a619752f3f27075cc9a90244d75c6c3f27e2a
  SwiftLint: 73f2ecfd0f6d812c8cb9a73c00fe809bc2504585
  SwiftRichString: a3ebe72b13db2e1b917cdbb6b44d817254a7ff73

PODFILE CHECKSUM: 579327811b860e8dc032ca4f1e05f813cee6aaa3

COCOAPODS: 1.5.3
