PODS:
  - RLBAlertsPickers (1.1.1)
  - RxAtomic (4.4.0)
  - RxCocoa (4.4.0):
    - RxSwift (~> 4.0)
  - RxSwift (4.4.0):
    - RxAtomic (~> 4.4)
  - SnapKit (4.2.0)
  - SwiftLint (0.29.4)
  - SwiftRichString (2.0.5)
  - ZIPFoundation (0.9.6)

DEPENDENCIES:
  - RLBAlertsPickers (from `https://github.com/loicgriffie/Alerts-Pickers.git`, branch `master`)
  - RxCocoa
  - RxSwift
  - SnapKit (~> 4.2.0)
  - SwiftLint
  - SwiftRichString
  - ZIPFoundation (~> 0.9)

SPEC REPOS:
  https://github.com/cocoapods/specs.git:
    - RxAtomic
    - RxCocoa
    - RxSwift
    - SnapKit
    - SwiftLint
    - SwiftRichString
    - ZIPFoundation

EXTERNAL SOURCES:
  RLBAlertsPickers:
    :branch: master
    :git: https://github.com/loicgriffie/Alerts-Pickers.git

CHECKOUT OPTIONS:
  RLBAlertsPickers:
    :commit: 5ce7637f4c8d5118442f1a9ae781020fa80fccb9
    :git: https://github.com/loicgriffie/Alerts-Pickers.git

SPEC CHECKSUMS:
  RLBAlertsPickers: d8dd984ed0a686bd167554eeb4a3af5ae8d82d24
  RxAtomic: eacf60db868c96bfd63320e28619fe29c179656f
  RxCocoa: df63ebf7b9a70d6b4eeea407ed5dd4efc8979749
  RxSwift: 5976ecd04fc2fefd648827c23de5e11157faa973
  SnapKit: fe8a619752f3f27075cc9a90244d75c6c3f27e2a
  SwiftLint: 73f2ecfd0f6d812c8cb9a73c00fe809bc2504585
  SwiftRichString: a3ebe72b13db2e1b917cdbb6b44d817254a7ff73
  ZIPFoundation: 68c35eb2637c21abe56dc60b3277636443bc1501

PODFILE CHECKSUM: dc4060db3f7f5c9bb3cc3357e3887e734ee5bab7

COCOAPODS: 1.5.3
