// !$*UTF8*$!
{
	archiveVersion = 1;
	classes = {
	};
	objectVersion = 50;
	objects = {

/* Begin PBXBuildFile section */
		AB0995A021F9092C00867890 /* OverviewViewController.swift in Sources */ = {isa = PBXBuildFile; fileRef = AB09959F21F9092C00867890 /* OverviewViewController.swift */; };
		AB0995A221F9094000867890 /* OverviewViewController.xib in Resources */ = {isa = PBXBuildFile; fileRef = AB0995A121F9094000867890 /* OverviewViewController.xib */; };
		AB30C6B721D45B5200A2024D /* LLTextView.swift.swift in Sources */ = {isa = PBXBuildFile; fileRef = AB30C6B621D45B5200A2024D /* LLTextView.swift.swift */; };
		AB30C6B921D4619100A2024D /* SafariServices.framework in Frameworks */ = {isa = PBXBuildFile; fileRef = AB30C6B821D4619100A2024D /* SafariServices.framework */; };
		AB51F6AB2244BA9B00C40A7D /* libc++.tbd in Frameworks */ = {isa = PBXBuildFile; fileRef = AB51F6AA2244BA9B00C40A7D /* libc++.tbd */; };
		AB51F6AD2244BAEA00C40A7D /* MobileVLCKit.framework in Frameworks */ = {isa = PBXBuildFile; fileRef = AB51F6AC2244BAEA00C40A7D /* MobileVLCKit.framework */; };
		AB51F6B22244DC1600C40A7D /* VLCPlayerViewController.swift in Sources */ = {isa = PBXBuildFile; fileRef = AB51F6B12244DC1600C40A7D /* VLCPlayerViewController.swift */; };
		AB522AC721D03613002421B8 /* LaunchScreen.storyboard in Resources */ = {isa = PBXBuildFile; fileRef = AB522AC221D03612002421B8 /* LaunchScreen.storyboard */; };
		AB522AC821D03613002421B8 /* Assets.xcassets in Resources */ = {isa = PBXBuildFile; fileRef = AB522AC321D03612002421B8 /* Assets.xcassets */; };
		AB522ACA21D03613002421B8 /* AppDelegate.swift in Sources */ = {isa = PBXBuildFile; fileRef = AB522AC621D03612002421B8 /* AppDelegate.swift */; };
		AB522AD721D03DC9002421B8 /* BaseViewController.swift in Sources */ = {isa = PBXBuildFile; fileRef = AB522AD221D03DC9002421B8 /* BaseViewController.swift */; };
		AB522AD821D03DC9002421B8 /* RootViewController.swift in Sources */ = {isa = PBXBuildFile; fileRef = AB522AD321D03DC9002421B8 /* RootViewController.swift */; };
		AB522AD921D03DC9002421B8 /* BaseNavigationController.swift in Sources */ = {isa = PBXBuildFile; fileRef = AB522AD421D03DC9002421B8 /* BaseNavigationController.swift */; };
		AB522ADE21D03EB6002421B8 /* NibBasedViewController.swift in Sources */ = {isa = PBXBuildFile; fileRef = AB522ADD21D03EB6002421B8 /* NibBasedViewController.swift */; };
		AB522AE221D304DC002421B8 /* AVFoundation.framework in Frameworks */ = {isa = PBXBuildFile; fileRef = AB522AE121D304DC002421B8 /* AVFoundation.framework */; };
		AB522AE921D311D4002421B8 /* Subtitle.swift in Sources */ = {isa = PBXBuildFile; fileRef = AB522AE821D311D4002421B8 /* Subtitle.swift */; };
		AB522AEB21D3124D002421B8 /* SubtitleItem.swift in Sources */ = {isa = PBXBuildFile; fileRef = AB522AEA21D3124D002421B8 /* SubtitleItem.swift */; };
		ABAF5C082218555E0079C5C7 /* SpeechRecognizerService.swift in Sources */ = {isa = PBXBuildFile; fileRef = ABAF5C072218555E0079C5C7 /* SpeechRecognizerService.swift */; };
		ABAF5C0A22186B580079C5C7 /* FileDownloaderService.swift in Sources */ = {isa = PBXBuildFile; fileRef = ABAF5C0922186B580079C5C7 /* FileDownloaderService.swift */; };
		ABAF5C302218C9FD0079C5C7 /* String+Localizable.swift in Sources */ = {isa = PBXBuildFile; fileRef = ABAF5C2F2218C9FD0079C5C7 /* String+Localizable.swift */; };
		ABAF5C312218CB580079C5C7 /* Localizable.strings in Resources */ = {isa = PBXBuildFile; fileRef = ABAF5C0F22189BE40079C5C7 /* Localizable.strings */; };
		ABAF5C33221954AD0079C5C7 /* Reachability.swift in Sources */ = {isa = PBXBuildFile; fileRef = ABAF5C32221954AD0079C5C7 /* Reachability.swift */; };
		ABD68206222AA8EB00AD5645 /* WritingViewController.swift in Sources */ = {isa = PBXBuildFile; fileRef = ABD68205222AA8EB00AD5645 /* WritingViewController.swift */; };
		ABD68208222AA90100AD5645 /* WritingViewController.xib in Resources */ = {isa = PBXBuildFile; fileRef = ABD68207222AA90100AD5645 /* WritingViewController.xib */; };
		ABD6820A222ADA6F00AD5645 /* InputViewController.swift in Sources */ = {isa = PBXBuildFile; fileRef = ABD68209222ADA6F00AD5645 /* InputViewController.swift */; };
		ABD73BAC21FBA2D8004B2FB9 /* DarkCrossButton.swift in Sources */ = {isa = PBXBuildFile; fileRef = ABD73BAB21FBA2D8004B2FB9 /* DarkCrossButton.swift */; };
		ABD73BB121FBC3FF004B2FB9 /* AVPlayer+Utilities.swift in Sources */ = {isa = PBXBuildFile; fileRef = ABD73BB021FBC3FF004B2FB9 /* AVPlayer+Utilities.swift */; };
		ABF2F3262220AA0F0023698D /* WebBrowserViewController.swift in Sources */ = {isa = PBXBuildFile; fileRef = ABF2F3252220AA0F0023698D /* WebBrowserViewController.swift */; };
		ABF2F3282220AA180023698D /* WebBrowserViewController.xib in Resources */ = {isa = PBXBuildFile; fileRef = ABF2F3272220AA180023698D /* WebBrowserViewController.xib */; };
		ABF2F32A2220AE390023698D /* String+Utilities.swift in Sources */ = {isa = PBXBuildFile; fileRef = ABF2F3292220AE390023698D /* String+Utilities.swift */; };
		ABFE6004220F033F001267C8 /* UIViewController+AlertController.swift in Sources */ = {isa = PBXBuildFile; fileRef = ABFE6003220F033F001267C8 /* UIViewController+AlertController.swift */; };
		ABFE6008220F1AC2001267C8 /* SubtitleRepository.swift in Sources */ = {isa = PBXBuildFile; fileRef = ABFE6007220F1AC2001267C8 /* SubtitleRepository.swift */; };
		ABFE600A220F1D12001267C8 /* PlayerViewController.swift in Sources */ = {isa = PBXBuildFile; fileRef = ABFE6009220F1D12001267C8 /* PlayerViewController.swift */; };
		ABFE600D220F9271001267C8 /* UIKit+Appearance.swift in Sources */ = {isa = PBXBuildFile; fileRef = ABFE600C220F9271001267C8 /* UIKit+Appearance.swift */; };
		ABFE600F220FBCCC001267C8 /* String+Levenshtein.swift in Sources */ = {isa = PBXBuildFile; fileRef = ABFE600E220FBCCC001267C8 /* String+Levenshtein.swift */; };
		ABFE60192210AE1A001267C8 /* WatchingViewController.swift in Sources */ = {isa = PBXBuildFile; fileRef = ABFE60132210AE1A001267C8 /* WatchingViewController.swift */; };
		ABFE601A2210AE1A001267C8 /* PlayingConfig.swift in Sources */ = {isa = PBXBuildFile; fileRef = ABFE60142210AE1A001267C8 /* PlayingConfig.swift */; };
		ABFE601B2210AE1A001267C8 /* WatchingViewController.xib in Resources */ = {isa = PBXBuildFile; fileRef = ABFE60152210AE1A001267C8 /* WatchingViewController.xib */; };
		ABFE601C2210AE1A001267C8 /* SpeakingViewController.swift in Sources */ = {isa = PBXBuildFile; fileRef = ABFE60172210AE1A001267C8 /* SpeakingViewController.swift */; };
		ABFE601D2210AE1A001267C8 /* SpeakingViewController.xib in Resources */ = {isa = PBXBuildFile; fileRef = ABFE60182210AE1A001267C8 /* SpeakingViewController.xib */; };
		ABFE60202210B051001267C8 /* SourceConfigViewController.swift in Sources */ = {isa = PBXBuildFile; fileRef = ABFE601F2210B051001267C8 /* SourceConfigViewController.swift */; };
		ABFE60222210B05E001267C8 /* SourceConfigViewController.xib in Resources */ = {isa = PBXBuildFile; fileRef = ABFE60212210B05E001267C8 /* SourceConfigViewController.xib */; };
		ABFE60252210D751001267C8 /* FileRepository.swift in Sources */ = {isa = PBXBuildFile; fileRef = ABFE60242210D751001267C8 /* FileRepository.swift */; };
		ABFED1A22221CA3000F23313 /* UserDefaultsService.swift in Sources */ = {isa = PBXBuildFile; fileRef = ABFED1A12221CA3000F23313 /* UserDefaultsService.swift */; };
		ABFED1A42222A34500F23313 /* YoutubeSourceService.swift in Sources */ = {isa = PBXBuildFile; fileRef = ABFED1A32222A34500F23313 /* YoutubeSourceService.swift */; };
		ABFED1A62222A4D100F23313 /* SourceDownloaderService.swift in Sources */ = {isa = PBXBuildFile; fileRef = ABFED1A52222A4D100F23313 /* SourceDownloaderService.swift */; };
		C709DADB44231091552834BF /* Pods_LearnLanguages.framework in Frameworks */ = {isa = PBXBuildFile; fileRef = B902DA18F60F5A8FA9500F68 /* Pods_LearnLanguages.framework */; };
/* End PBXBuildFile section */

/* Begin PBXFileReference section */
		0978C0E2B5A6224A2E25AE37 /* Pods-LearnLanguages.debug.xcconfig */ = {isa = PBXFileReference; includeInIndex = 1; lastKnownFileType = text.xcconfig; name = "Pods-LearnLanguages.debug.xcconfig"; path = "Pods/Target Support Files/Pods-LearnLanguages/Pods-LearnLanguages.debug.xcconfig"; sourceTree = "<group>"; };
		AB09959F21F9092C00867890 /* OverviewViewController.swift */ = {isa = PBXFileReference; lastKnownFileType = sourcecode.swift; path = OverviewViewController.swift; sourceTree = "<group>"; };
		AB0995A121F9094000867890 /* OverviewViewController.xib */ = {isa = PBXFileReference; lastKnownFileType = file.xib; path = OverviewViewController.xib; sourceTree = "<group>"; };
		AB30C6B621D45B5200A2024D /* LLTextView.swift.swift */ = {isa = PBXFileReference; lastKnownFileType = sourcecode.swift; path = LLTextView.swift.swift; sourceTree = "<group>"; };
		AB30C6B821D4619100A2024D /* SafariServices.framework */ = {isa = PBXFileReference; lastKnownFileType = wrapper.framework; name = SafariServices.framework; path = System/Library/Frameworks/SafariServices.framework; sourceTree = SDKROOT; };
		AB51F6AA2244BA9B00C40A7D /* libc++.tbd */ = {isa = PBXFileReference; lastKnownFileType = "sourcecode.text-based-dylib-definition"; name = "libc++.tbd"; path = "usr/lib/libc++.tbd"; sourceTree = SDKROOT; };
		AB51F6AC2244BAEA00C40A7D /* MobileVLCKit.framework */ = {isa = PBXFileReference; lastKnownFileType = wrapper.framework; name = MobileVLCKit.framework; path = Pods/MobileVLCKit/MobileVLCKit.framework; sourceTree = "<group>"; };
		AB51F6AF2244BD8F00C40A7D /* LearnLanguages-Bridging-Header.h */ = {isa = PBXFileReference; fileEncoding = 4; lastKnownFileType = sourcecode.c.h; path = "LearnLanguages-Bridging-Header.h"; sourceTree = SOURCE_ROOT; };
		AB51F6B12244DC1600C40A7D /* VLCPlayerViewController.swift */ = {isa = PBXFileReference; lastKnownFileType = sourcecode.swift; path = VLCPlayerViewController.swift; sourceTree = "<group>"; };
		AB522AAC21CF2951002421B8 /* LearnLanguages.app */ = {isa = PBXFileReference; explicitFileType = wrapper.application; includeInIndex = 0; path = LearnLanguages.app; sourceTree = BUILT_PRODUCTS_DIR; };
		AB522ABB21CF2953002421B8 /* Info.plist */ = {isa = PBXFileReference; lastKnownFileType = text.plist.xml; path = Info.plist; sourceTree = "<group>"; };
		AB522AC221D03612002421B8 /* LaunchScreen.storyboard */ = {isa = PBXFileReference; fileEncoding = 4; lastKnownFileType = file.storyboard; path = LaunchScreen.storyboard; sourceTree = "<group>"; };
		AB522AC321D03612002421B8 /* Assets.xcassets */ = {isa = PBXFileReference; lastKnownFileType = folder.assetcatalog; path = Assets.xcassets; sourceTree = "<group>"; };
		AB522AC621D03612002421B8 /* AppDelegate.swift */ = {isa = PBXFileReference; fileEncoding = 4; lastKnownFileType = sourcecode.swift; path = AppDelegate.swift; sourceTree = "<group>"; };
		AB522AD221D03DC9002421B8 /* BaseViewController.swift */ = {isa = PBXFileReference; fileEncoding = 4; lastKnownFileType = sourcecode.swift; path = BaseViewController.swift; sourceTree = "<group>"; };
		AB522AD321D03DC9002421B8 /* RootViewController.swift */ = {isa = PBXFileReference; fileEncoding = 4; lastKnownFileType = sourcecode.swift; path = RootViewController.swift; sourceTree = "<group>"; };
		AB522AD421D03DC9002421B8 /* BaseNavigationController.swift */ = {isa = PBXFileReference; fileEncoding = 4; lastKnownFileType = sourcecode.swift; path = BaseNavigationController.swift; sourceTree = "<group>"; };
		AB522ADD21D03EB6002421B8 /* NibBasedViewController.swift */ = {isa = PBXFileReference; fileEncoding = 4; lastKnownFileType = sourcecode.swift; path = NibBasedViewController.swift; sourceTree = "<group>"; };
		AB522AE121D304DC002421B8 /* AVFoundation.framework */ = {isa = PBXFileReference; lastKnownFileType = wrapper.framework; name = AVFoundation.framework; path = System/Library/Frameworks/AVFoundation.framework; sourceTree = SDKROOT; };
		AB522AE821D311D4002421B8 /* Subtitle.swift */ = {isa = PBXFileReference; lastKnownFileType = sourcecode.swift; path = Subtitle.swift; sourceTree = "<group>"; };
		AB522AEA21D3124D002421B8 /* SubtitleItem.swift */ = {isa = PBXFileReference; lastKnownFileType = sourcecode.swift; path = SubtitleItem.swift; sourceTree = "<group>"; };
		ABAF5C072218555E0079C5C7 /* SpeechRecognizerService.swift */ = {isa = PBXFileReference; lastKnownFileType = sourcecode.swift; path = SpeechRecognizerService.swift; sourceTree = "<group>"; };
		ABAF5C0922186B580079C5C7 /* FileDownloaderService.swift */ = {isa = PBXFileReference; lastKnownFileType = sourcecode.swift; path = FileDownloaderService.swift; sourceTree = "<group>"; };
		ABAF5C0E22189BE40079C5C7 /* en */ = {isa = PBXFileReference; lastKnownFileType = text.plist.strings; name = en; path = en.lproj/Localizable.strings; sourceTree = "<group>"; };
		ABAF5C2F2218C9FD0079C5C7 /* String+Localizable.swift */ = {isa = PBXFileReference; fileEncoding = 4; lastKnownFileType = sourcecode.swift; path = "String+Localizable.swift"; sourceTree = "<group>"; };
		ABAF5C32221954AD0079C5C7 /* Reachability.swift */ = {isa = PBXFileReference; lastKnownFileType = sourcecode.swift; path = Reachability.swift; sourceTree = "<group>"; };
		ABD68205222AA8EB00AD5645 /* WritingViewController.swift */ = {isa = PBXFileReference; lastKnownFileType = sourcecode.swift; path = WritingViewController.swift; sourceTree = "<group>"; };
		ABD68207222AA90100AD5645 /* WritingViewController.xib */ = {isa = PBXFileReference; lastKnownFileType = file.xib; path = WritingViewController.xib; sourceTree = "<group>"; };
		ABD68209222ADA6F00AD5645 /* InputViewController.swift */ = {isa = PBXFileReference; lastKnownFileType = sourcecode.swift; path = InputViewController.swift; sourceTree = "<group>"; };
		ABD73BAB21FBA2D8004B2FB9 /* DarkCrossButton.swift */ = {isa = PBXFileReference; lastKnownFileType = sourcecode.swift; path = DarkCrossButton.swift; sourceTree = "<group>"; };
		ABD73BB021FBC3FF004B2FB9 /* AVPlayer+Utilities.swift */ = {isa = PBXFileReference; lastKnownFileType = sourcecode.swift; path = "AVPlayer+Utilities.swift"; sourceTree = "<group>"; };
		ABF2F3252220AA0F0023698D /* WebBrowserViewController.swift */ = {isa = PBXFileReference; lastKnownFileType = sourcecode.swift; path = WebBrowserViewController.swift; sourceTree = "<group>"; };
		ABF2F3272220AA180023698D /* WebBrowserViewController.xib */ = {isa = PBXFileReference; lastKnownFileType = file.xib; path = WebBrowserViewController.xib; sourceTree = "<group>"; };
		ABF2F3292220AE390023698D /* String+Utilities.swift */ = {isa = PBXFileReference; lastKnownFileType = sourcecode.swift; path = "String+Utilities.swift"; sourceTree = "<group>"; };
		ABFE6003220F033F001267C8 /* UIViewController+AlertController.swift */ = {isa = PBXFileReference; lastKnownFileType = sourcecode.swift; path = "UIViewController+AlertController.swift"; sourceTree = "<group>"; };
		ABFE6007220F1AC2001267C8 /* SubtitleRepository.swift */ = {isa = PBXFileReference; lastKnownFileType = sourcecode.swift; path = SubtitleRepository.swift; sourceTree = "<group>"; };
		ABFE6009220F1D12001267C8 /* PlayerViewController.swift */ = {isa = PBXFileReference; lastKnownFileType = sourcecode.swift; path = PlayerViewController.swift; sourceTree = "<group>"; };
		ABFE600C220F9271001267C8 /* UIKit+Appearance.swift */ = {isa = PBXFileReference; lastKnownFileType = sourcecode.swift; path = "UIKit+Appearance.swift"; sourceTree = "<group>"; };
		ABFE600E220FBCCC001267C8 /* String+Levenshtein.swift */ = {isa = PBXFileReference; lastKnownFileType = sourcecode.swift; path = "String+Levenshtein.swift"; sourceTree = "<group>"; };
		ABFE60132210AE1A001267C8 /* WatchingViewController.swift */ = {isa = PBXFileReference; fileEncoding = 4; lastKnownFileType = sourcecode.swift; path = WatchingViewController.swift; sourceTree = "<group>"; };
		ABFE60142210AE1A001267C8 /* PlayingConfig.swift */ = {isa = PBXFileReference; fileEncoding = 4; lastKnownFileType = sourcecode.swift; path = PlayingConfig.swift; sourceTree = "<group>"; };
		ABFE60152210AE1A001267C8 /* WatchingViewController.xib */ = {isa = PBXFileReference; fileEncoding = 4; lastKnownFileType = file.xib; path = WatchingViewController.xib; sourceTree = "<group>"; };
		ABFE60172210AE1A001267C8 /* SpeakingViewController.swift */ = {isa = PBXFileReference; fileEncoding = 4; lastKnownFileType = sourcecode.swift; path = SpeakingViewController.swift; sourceTree = "<group>"; };
		ABFE60182210AE1A001267C8 /* SpeakingViewController.xib */ = {isa = PBXFileReference; fileEncoding = 4; lastKnownFileType = file.xib; path = SpeakingViewController.xib; sourceTree = "<group>"; };
		ABFE601F2210B051001267C8 /* SourceConfigViewController.swift */ = {isa = PBXFileReference; lastKnownFileType = sourcecode.swift; path = SourceConfigViewController.swift; sourceTree = "<group>"; };
		ABFE60212210B05E001267C8 /* SourceConfigViewController.xib */ = {isa = PBXFileReference; lastKnownFileType = file.xib; path = SourceConfigViewController.xib; sourceTree = "<group>"; };
		ABFE60232210CC68001267C8 /* LearnLanguages.entitlements */ = {isa = PBXFileReference; lastKnownFileType = text.plist.entitlements; path = LearnLanguages.entitlements; sourceTree = "<group>"; };
		ABFE60242210D751001267C8 /* FileRepository.swift */ = {isa = PBXFileReference; lastKnownFileType = sourcecode.swift; path = FileRepository.swift; sourceTree = "<group>"; };
		ABFED1A12221CA3000F23313 /* UserDefaultsService.swift */ = {isa = PBXFileReference; fileEncoding = 4; lastKnownFileType = sourcecode.swift; path = UserDefaultsService.swift; sourceTree = "<group>"; };
		ABFED1A32222A34500F23313 /* YoutubeSourceService.swift */ = {isa = PBXFileReference; lastKnownFileType = sourcecode.swift; path = YoutubeSourceService.swift; sourceTree = "<group>"; };
		ABFED1A52222A4D100F23313 /* SourceDownloaderService.swift */ = {isa = PBXFileReference; lastKnownFileType = sourcecode.swift; path = SourceDownloaderService.swift; sourceTree = "<group>"; };
		B902DA18F60F5A8FA9500F68 /* Pods_LearnLanguages.framework */ = {isa = PBXFileReference; explicitFileType = wrapper.framework; includeInIndex = 0; path = Pods_LearnLanguages.framework; sourceTree = BUILT_PRODUCTS_DIR; };
		DEF7BFD5B0DCD7F975383589 /* Pods-LearnLanguages.release.xcconfig */ = {isa = PBXFileReference; includeInIndex = 1; lastKnownFileType = text.xcconfig; name = "Pods-LearnLanguages.release.xcconfig"; path = "Pods/Target Support Files/Pods-LearnLanguages/Pods-LearnLanguages.release.xcconfig"; sourceTree = "<group>"; };
/* End PBXFileReference section */

/* Begin PBXFrameworksBuildPhase section */
		AB522AA921CF2951002421B8 /* Frameworks */ = {
			isa = PBXFrameworksBuildPhase;
			buildActionMask = 2147483647;
			files = (
				AB51F6AD2244BAEA00C40A7D /* MobileVLCKit.framework in Frameworks */,
				AB51F6AB2244BA9B00C40A7D /* libc++.tbd in Frameworks */,
				AB30C6B921D4619100A2024D /* SafariServices.framework in Frameworks */,
				AB522AE221D304DC002421B8 /* AVFoundation.framework in Frameworks */,
				C709DADB44231091552834BF /* Pods_LearnLanguages.framework in Frameworks */,
			);
			runOnlyForDeploymentPostprocessing = 0;
		};
/* End PBXFrameworksBuildPhase section */

/* Begin PBXGroup section */
		AB09959E21F9090F00867890 /* Overview */ = {
			isa = PBXGroup;
			children = (
				AB09959F21F9092C00867890 /* OverviewViewController.swift */,
				AB0995A121F9094000867890 /* OverviewViewController.xib */,
			);
			path = Overview;
			sourceTree = "<group>";
		};
		AB51F6B02244DBF900C40A7D /* PlayerViewController */ = {
			isa = PBXGroup;
			children = (
				ABFE6009220F1D12001267C8 /* PlayerViewController.swift */,
				AB51F6B12244DC1600C40A7D /* VLCPlayerViewController.swift */,
			);
			path = PlayerViewController;
			sourceTree = "<group>";
		};
		AB522AA321CF2951002421B8 = {
			isa = PBXGroup;
			children = (
				AB522AAE21CF2951002421B8 /* LearnLanguages */,
				AB522AAD21CF2951002421B8 /* Products */,
				AE95413E6CF77588C2C92EEA /* Pods */,
				F2122A1D99995FA08A88DCF0 /* Frameworks */,
			);
			sourceTree = "<group>";
		};
		AB522AAD21CF2951002421B8 /* Products */ = {
			isa = PBXGroup;
			children = (
				AB522AAC21CF2951002421B8 /* LearnLanguages.app */,
			);
			name = Products;
			sourceTree = "<group>";
		};
		AB522AAE21CF2951002421B8 /* LearnLanguages */ = {
			isa = PBXGroup;
			children = (
				AB51F6AF2244BD8F00C40A7D /* LearnLanguages-Bridging-Header.h */,
				ABFE60232210CC68001267C8 /* LearnLanguages.entitlements */,
				AB522ABB21CF2953002421B8 /* Info.plist */,
				AB522AC121D03612002421B8 /* Resources */,
				AB522AC421D03612002421B8 /* Sources */,
			);
			path = LearnLanguages;
			sourceTree = "<group>";
		};
		AB522AC121D03612002421B8 /* Resources */ = {
			isa = PBXGroup;
			children = (
				AB522AC321D03612002421B8 /* Assets.xcassets */,
				AB522AC221D03612002421B8 /* LaunchScreen.storyboard */,
				ABAF5C0F22189BE40079C5C7 /* Localizable.strings */,
			);
			path = Resources;
			sourceTree = "<group>";
		};
		AB522AC421D03612002421B8 /* Sources */ = {
			isa = PBXGroup;
			children = (
				AB522AC621D03612002421B8 /* AppDelegate.swift */,
				ABAF5C062218554B0079C5C7 /* Services */,
				ABFE60112210AE1A001267C8 /* Modules */,
				AB522AD121D03DC9002421B8 /* BaseViewControllers */,
				ABD73BAA21FBA2B8004B2FB9 /* CustomViews */,
				ABFE6006220F1A9F001267C8 /* Models */,
				ABFE6005220F1A88001267C8 /* Repositories */,
				ABD73BAF21FBC3E7004B2FB9 /* Utilities */,
			);
			path = Sources;
			sourceTree = "<group>";
		};
		AB522AD121D03DC9002421B8 /* BaseViewControllers */ = {
			isa = PBXGroup;
			children = (
				AB522AD421D03DC9002421B8 /* BaseNavigationController.swift */,
				AB522AD221D03DC9002421B8 /* BaseViewController.swift */,
				AB522ADD21D03EB6002421B8 /* NibBasedViewController.swift */,
				AB522AD321D03DC9002421B8 /* RootViewController.swift */,
			);
			path = BaseViewControllers;
			sourceTree = "<group>";
		};
		ABAF5C062218554B0079C5C7 /* Services */ = {
			isa = PBXGroup;
			children = (
				ABFED1A12221CA3000F23313 /* UserDefaultsService.swift */,
				ABAF5C072218555E0079C5C7 /* SpeechRecognizerService.swift */,
				ABAF5C0922186B580079C5C7 /* FileDownloaderService.swift */,
				ABFED1A32222A34500F23313 /* YoutubeSourceService.swift */,
				ABFED1A52222A4D100F23313 /* SourceDownloaderService.swift */,
			);
			path = Services;
			sourceTree = "<group>";
		};
		ABD68204222AA8C800AD5645 /* Writing */ = {
			isa = PBXGroup;
			children = (
				ABD68205222AA8EB00AD5645 /* WritingViewController.swift */,
				ABD68207222AA90100AD5645 /* WritingViewController.xib */,
			);
			path = Writing;
			sourceTree = "<group>";
		};
		ABD73BAA21FBA2B8004B2FB9 /* CustomViews */ = {
			isa = PBXGroup;
			children = (
				AB30C6B621D45B5200A2024D /* LLTextView.swift.swift */,
				ABD73BAB21FBA2D8004B2FB9 /* DarkCrossButton.swift */,
			);
			path = CustomViews;
			sourceTree = "<group>";
		};
		ABD73BAF21FBC3E7004B2FB9 /* Utilities */ = {
			isa = PBXGroup;
			children = (
				ABFE600C220F9271001267C8 /* UIKit+Appearance.swift */,
				ABD73BB021FBC3FF004B2FB9 /* AVPlayer+Utilities.swift */,
				ABFE6003220F033F001267C8 /* UIViewController+AlertController.swift */,
				ABFE600E220FBCCC001267C8 /* String+Levenshtein.swift */,
				ABAF5C2F2218C9FD0079C5C7 /* String+Localizable.swift */,
				ABAF5C32221954AD0079C5C7 /* Reachability.swift */,
				ABF2F3292220AE390023698D /* String+Utilities.swift */,
			);
			path = Utilities;
			sourceTree = "<group>";
		};
		ABF2F3242220A9E40023698D /* WebBrowser */ = {
			isa = PBXGroup;
			children = (
				ABF2F3252220AA0F0023698D /* WebBrowserViewController.swift */,
				ABF2F3272220AA180023698D /* WebBrowserViewController.xib */,
			);
			path = WebBrowser;
			sourceTree = "<group>";
		};
		ABFE6005220F1A88001267C8 /* Repositories */ = {
			isa = PBXGroup;
			children = (
				ABFE6007220F1AC2001267C8 /* SubtitleRepository.swift */,
				ABFE60242210D751001267C8 /* FileRepository.swift */,
			);
			path = Repositories;
			sourceTree = "<group>";
		};
		ABFE6006220F1A9F001267C8 /* Models */ = {
			isa = PBXGroup;
			children = (
				AB522AEA21D3124D002421B8 /* SubtitleItem.swift */,
				AB522AE821D311D4002421B8 /* Subtitle.swift */,
			);
			path = Models;
			sourceTree = "<group>";
		};
		ABFE60112210AE1A001267C8 /* Modules */ = {
			isa = PBXGroup;
			children = (
				AB51F6B02244DBF900C40A7D /* PlayerViewController */,
				ABD68204222AA8C800AD5645 /* Writing */,
				ABF2F3242220A9E40023698D /* WebBrowser */,
				ABFE601E2210AE41001267C8 /* SourceConfig */,
				AB09959E21F9090F00867890 /* Overview */,
				ABFE60122210AE1A001267C8 /* Watching */,
				ABFE60162210AE1A001267C8 /* Speaking */,
			);
			path = Modules;
			sourceTree = "<group>";
		};
		ABFE60122210AE1A001267C8 /* Watching */ = {
			isa = PBXGroup;
			children = (
				ABFE60132210AE1A001267C8 /* WatchingViewController.swift */,
				ABFE60142210AE1A001267C8 /* PlayingConfig.swift */,
				ABFE60152210AE1A001267C8 /* WatchingViewController.xib */,
			);
			path = Watching;
			sourceTree = "<group>";
		};
		ABFE60162210AE1A001267C8 /* Speaking */ = {
			isa = PBXGroup;
			children = (
				ABD68209222ADA6F00AD5645 /* InputViewController.swift */,
				ABFE60172210AE1A001267C8 /* SpeakingViewController.swift */,
				ABFE60182210AE1A001267C8 /* SpeakingViewController.xib */,
			);
			path = Speaking;
			sourceTree = "<group>";
		};
		ABFE601E2210AE41001267C8 /* SourceConfig */ = {
			isa = PBXGroup;
			children = (
				ABFE601F2210B051001267C8 /* SourceConfigViewController.swift */,
				ABFE60212210B05E001267C8 /* SourceConfigViewController.xib */,
			);
			path = SourceConfig;
			sourceTree = "<group>";
		};
		AE95413E6CF77588C2C92EEA /* Pods */ = {
			isa = PBXGroup;
			children = (
				0978C0E2B5A6224A2E25AE37 /* Pods-LearnLanguages.debug.xcconfig */,
				DEF7BFD5B0DCD7F975383589 /* Pods-LearnLanguages.release.xcconfig */,
			);
			name = Pods;
			sourceTree = "<group>";
		};
		F2122A1D99995FA08A88DCF0 /* Frameworks */ = {
			isa = PBXGroup;
			children = (
				AB51F6AC2244BAEA00C40A7D /* MobileVLCKit.framework */,
				AB51F6AA2244BA9B00C40A7D /* libc++.tbd */,
				AB30C6B821D4619100A2024D /* SafariServices.framework */,
				AB522AE121D304DC002421B8 /* AVFoundation.framework */,
				B902DA18F60F5A8FA9500F68 /* Pods_LearnLanguages.framework */,
			);
			name = Frameworks;
			sourceTree = "<group>";
		};
/* End PBXGroup section */

/* Begin PBXNativeTarget section */
		AB522AAB21CF2951002421B8 /* LearnLanguages */ = {
			isa = PBXNativeTarget;
			buildConfigurationList = AB522ABE21CF2953002421B8 /* Build configuration list for PBXNativeTarget "LearnLanguages" */;
			buildPhases = (
				4BE4939F973922A6579222E2 /* [CP] Check Pods Manifest.lock */,
				ABAF5C2E2218C81E0079C5C7 /* String+Localizable */,
				ABAF5C0522184B430079C5C7 /* SwiftLint */,
				AB522AA821CF2951002421B8 /* Sources */,
				AB522AA921CF2951002421B8 /* Frameworks */,
				AB522AAA21CF2951002421B8 /* Resources */,
				B9D168E7AFA4BADFAE6C6A82 /* [CP] Embed Pods Frameworks */,
			);
			buildRules = (
			);
			dependencies = (
			);
			name = LearnLanguages;
			productName = LearnLanguages;
			productReference = AB522AAC21CF2951002421B8 /* LearnLanguages.app */;
			productType = "com.apple.product-type.application";
		};
/* End PBXNativeTarget section */

/* Begin PBXProject section */
		AB522AA421CF2951002421B8 /* Project object */ = {
			isa = PBXProject;
			attributes = {
				LastSwiftUpdateCheck = 1010;
				LastUpgradeCheck = 1010;
				ORGANIZATIONNAME = "Amir Khorsandi";
				TargetAttributes = {
					AB522AAB21CF2951002421B8 = {
						CreatedOnToolsVersion = 10.1;
						SystemCapabilities = {
							com.apple.iCloud = {
								enabled = 1;
							};
						};
					};
				};
			};
			buildConfigurationList = AB522AA721CF2951002421B8 /* Build configuration list for PBXProject "LearnLanguages" */;
			compatibilityVersion = "Xcode 9.3";
			developmentRegion = en;
			hasScannedForEncodings = 0;
			knownRegions = (
				en,
				Base,
			);
			mainGroup = AB522AA321CF2951002421B8;
			productRefGroup = AB522AAD21CF2951002421B8 /* Products */;
			projectDirPath = "";
			projectRoot = "";
			targets = (
				AB522AAB21CF2951002421B8 /* LearnLanguages */,
			);
		};
/* End PBXProject section */

/* Begin PBXResourcesBuildPhase section */
		AB522AAA21CF2951002421B8 /* Resources */ = {
			isa = PBXResourcesBuildPhase;
			buildActionMask = 2147483647;
			files = (
				ABAF5C312218CB580079C5C7 /* Localizable.strings in Resources */,
				ABFE601D2210AE1A001267C8 /* SpeakingViewController.xib in Resources */,
				ABD68208222AA90100AD5645 /* WritingViewController.xib in Resources */,
				AB522AC821D03613002421B8 /* Assets.xcassets in Resources */,
				ABFE601B2210AE1A001267C8 /* WatchingViewController.xib in Resources */,
				AB522AC721D03613002421B8 /* LaunchScreen.storyboard in Resources */,
				AB0995A221F9094000867890 /* OverviewViewController.xib in Resources */,
				ABF2F3282220AA180023698D /* WebBrowserViewController.xib in Resources */,
				ABFE60222210B05E001267C8 /* SourceConfigViewController.xib in Resources */,
			);
			runOnlyForDeploymentPostprocessing = 0;
		};
/* End PBXResourcesBuildPhase section */

/* Begin PBXShellScriptBuildPhase section */
		4BE4939F973922A6579222E2 /* [CP] Check Pods Manifest.lock */ = {
			isa = PBXShellScriptBuildPhase;
			buildActionMask = 2147483647;
			files = (
			);
			inputPaths = (
				"${PODS_PODFILE_DIR_PATH}/Podfile.lock",
				"${PODS_ROOT}/Manifest.lock",
			);
			name = "[CP] Check Pods Manifest.lock";
			outputPaths = (
				"$(DERIVED_FILE_DIR)/Pods-LearnLanguages-checkManifestLockResult.txt",
			);
			runOnlyForDeploymentPostprocessing = 0;
			shellPath = /bin/sh;
			shellScript = "diff \"${PODS_PODFILE_DIR_PATH}/Podfile.lock\" \"${PODS_ROOT}/Manifest.lock\" > /dev/null\nif [ $? != 0 ] ; then\n    # print error to STDERR\n    echo \"error: The sandbox is not in sync with the Podfile.lock. Run 'pod install' or update your CocoaPods installation.\" >&2\n    exit 1\nfi\n# This output is used by Xcode 'outputs' to avoid re-running this script phase.\necho \"SUCCESS\" > \"${SCRIPT_OUTPUT_FILE_0}\"\n";
			showEnvVarsInLog = 0;
		};
		ABAF5C0522184B430079C5C7 /* SwiftLint */ = {
			isa = PBXShellScriptBuildPhase;
			buildActionMask = 2147483647;
			files = (
			);
			inputFileListPaths = (
			);
			inputPaths = (
			);
			name = SwiftLint;
			outputFileListPaths = (
			);
			outputPaths = (
			);
			runOnlyForDeploymentPostprocessing = 0;
			shellPath = /bin/sh;
			shellScript = "\"${PODS_ROOT}\"/SwiftLint/swiftlint autocorrect --config \"${SRCROOT}/.swiftlint_autocorrect.yml\";\n\"${PODS_ROOT}\"/SwiftLint/swiftlint --config \"${SRCROOT}/.swiftlint.yml\";\n";
		};
		ABAF5C2E2218C81E0079C5C7 /* String+Localizable */ = {
			isa = PBXShellScriptBuildPhase;
			buildActionMask = 2147483647;
			files = (
			);
			inputFileListPaths = (
			);
			inputPaths = (
				"$(SRCROOT)/LearnLanguages/Resources/en.lproj/Localizable.strings",
			);
			name = "String+Localizable";
			outputFileListPaths = (
			);
			outputPaths = (
				"$(SRCROOT)/LearnLanguages/Sources/Utilities/String+Localizable.swift",
			);
			runOnlyForDeploymentPostprocessing = 0;
			shellPath = /bin/sh;
			shellScript = "\"${SRCROOT}/LocalizableTools\" \"${SCRIPT_INPUT_FILE_0}\" \"${SCRIPT_OUTPUT_FILE_0}\"\n";
		};
		B9D168E7AFA4BADFAE6C6A82 /* [CP] Embed Pods Frameworks */ = {
			isa = PBXShellScriptBuildPhase;
			buildActionMask = 2147483647;
			files = (
			);
			inputPaths = (
				"${PODS_ROOT}/Target Support Files/Pods-LearnLanguages/Pods-LearnLanguages-frameworks.sh",
				"${BUILT_PRODUCTS_DIR}/RLBAlertsPickers/RLBAlertsPickers.framework",
				"${BUILT_PRODUCTS_DIR}/RxAtomic/RxAtomic.framework",
				"${BUILT_PRODUCTS_DIR}/RxCocoa/RxCocoa.framework",
				"${BUILT_PRODUCTS_DIR}/RxSwift/RxSwift.framework",
				"${BUILT_PRODUCTS_DIR}/SWXMLHash/SWXMLHash.framework",
				"${BUILT_PRODUCTS_DIR}/SnapKit/SnapKit.framework",
				"${BUILT_PRODUCTS_DIR}/SwiftRichString/SwiftRichString.framework",
				"${BUILT_PRODUCTS_DIR}/XCDYouTubeKit/XCDYouTubeKit.framework",
				"${BUILT_PRODUCTS_DIR}/ZIPFoundation/ZIPFoundation.framework",
			);
			name = "[CP] Embed Pods Frameworks";
			outputPaths = (
				"${TARGET_BUILD_DIR}/${FRAMEWORKS_FOLDER_PATH}/RLBAlertsPickers.framework",
				"${TARGET_BUILD_DIR}/${FRAMEWORKS_FOLDER_PATH}/RxAtomic.framework",
				"${TARGET_BUILD_DIR}/${FRAMEWORKS_FOLDER_PATH}/RxCocoa.framework",
				"${TARGET_BUILD_DIR}/${FRAMEWORKS_FOLDER_PATH}/RxSwift.framework",
				"${TARGET_BUILD_DIR}/${FRAMEWORKS_FOLDER_PATH}/SWXMLHash.framework",
				"${TARGET_BUILD_DIR}/${FRAMEWORKS_FOLDER_PATH}/SnapKit.framework",
				"${TARGET_BUILD_DIR}/${FRAMEWORKS_FOLDER_PATH}/SwiftRichString.framework",
				"${TARGET_BUILD_DIR}/${FRAMEWORKS_FOLDER_PATH}/XCDYouTubeKit.framework",
				"${TARGET_BUILD_DIR}/${FRAMEWORKS_FOLDER_PATH}/ZIPFoundation.framework",
			);
			runOnlyForDeploymentPostprocessing = 0;
			shellPath = /bin/sh;
			shellScript = "\"${PODS_ROOT}/Target Support Files/Pods-LearnLanguages/Pods-LearnLanguages-frameworks.sh\"\n";
			showEnvVarsInLog = 0;
		};
/* End PBXShellScriptBuildPhase section */

/* Begin PBXSourcesBuildPhase section */
		AB522AA821CF2951002421B8 /* Sources */ = {
			isa = PBXSourcesBuildPhase;
			buildActionMask = 2147483647;
			files = (
				AB522AEB21D3124D002421B8 /* SubtitleItem.swift in Sources */,
				AB0995A021F9092C00867890 /* OverviewViewController.swift in Sources */,
				ABFE60252210D751001267C8 /* FileRepository.swift in Sources */,
				ABD6820A222ADA6F00AD5645 /* InputViewController.swift in Sources */,
				ABFE601C2210AE1A001267C8 /* SpeakingViewController.swift in Sources */,
				ABFE601A2210AE1A001267C8 /* PlayingConfig.swift in Sources */,
				ABFE6004220F033F001267C8 /* UIViewController+AlertController.swift in Sources */,
				ABFE60192210AE1A001267C8 /* WatchingViewController.swift in Sources */,
				AB522AD921D03DC9002421B8 /* BaseNavigationController.swift in Sources */,
				ABD68206222AA8EB00AD5645 /* WritingViewController.swift in Sources */,
				ABFED1A22221CA3000F23313 /* UserDefaultsService.swift in Sources */,
				AB522ACA21D03613002421B8 /* AppDelegate.swift in Sources */,
				ABD73BAC21FBA2D8004B2FB9 /* DarkCrossButton.swift in Sources */,
				AB30C6B721D45B5200A2024D /* LLTextView.swift.swift in Sources */,
				ABFE60202210B051001267C8 /* SourceConfigViewController.swift in Sources */,
				AB51F6B22244DC1600C40A7D /* VLCPlayerViewController.swift in Sources */,
				ABFE600D220F9271001267C8 /* UIKit+Appearance.swift in Sources */,
				AB522AD821D03DC9002421B8 /* RootViewController.swift in Sources */,
				ABAF5C0A22186B580079C5C7 /* FileDownloaderService.swift in Sources */,
				AB522ADE21D03EB6002421B8 /* NibBasedViewController.swift in Sources */,
				ABF2F32A2220AE390023698D /* String+Utilities.swift in Sources */,
				ABF2F3262220AA0F0023698D /* WebBrowserViewController.swift in Sources */,
				AB522AD721D03DC9002421B8 /* BaseViewController.swift in Sources */,
				ABAF5C082218555E0079C5C7 /* SpeechRecognizerService.swift in Sources */,
				ABFED1A42222A34500F23313 /* YoutubeSourceService.swift in Sources */,
				AB522AE921D311D4002421B8 /* Subtitle.swift in Sources */,
				ABD73BB121FBC3FF004B2FB9 /* AVPlayer+Utilities.swift in Sources */,
				ABFE6008220F1AC2001267C8 /* SubtitleRepository.swift in Sources */,
				ABFED1A62222A4D100F23313 /* SourceDownloaderService.swift in Sources */,
				ABFE600F220FBCCC001267C8 /* String+Levenshtein.swift in Sources */,
				ABFE600A220F1D12001267C8 /* PlayerViewController.swift in Sources */,
				ABAF5C33221954AD0079C5C7 /* Reachability.swift in Sources */,
				ABAF5C302218C9FD0079C5C7 /* String+Localizable.swift in Sources */,
			);
			runOnlyForDeploymentPostprocessing = 0;
		};
/* End PBXSourcesBuildPhase section */

/* Begin PBXVariantGroup section */
		ABAF5C0F22189BE40079C5C7 /* Localizable.strings */ = {
			isa = PBXVariantGroup;
			children = (
				ABAF5C0E22189BE40079C5C7 /* en */,
			);
			name = Localizable.strings;
			sourceTree = "<group>";
		};
/* End PBXVariantGroup section */

/* Begin XCBuildConfiguration section */
		AB522ABC21CF2953002421B8 /* Debug */ = {
			isa = XCBuildConfiguration;
			buildSettings = {
				ALWAYS_SEARCH_USER_PATHS = NO;
				CLANG_ANALYZER_NONNULL = YES;
				CLANG_ANALYZER_NUMBER_OBJECT_CONVERSION = YES_AGGRESSIVE;
				CLANG_CXX_LANGUAGE_STANDARD = "gnu++14";
				CLANG_CXX_LIBRARY = "libc++";
				CLANG_ENABLE_MODULES = YES;
				CLANG_ENABLE_OBJC_ARC = YES;
				CLANG_ENABLE_OBJC_WEAK = YES;
				CLANG_WARN_BLOCK_CAPTURE_AUTORELEASING = YES;
				CLANG_WARN_BOOL_CONVERSION = YES;
				CLANG_WARN_COMMA = YES;
				CLANG_WARN_CONSTANT_CONVERSION = YES;
				CLANG_WARN_DEPRECATED_OBJC_IMPLEMENTATIONS = YES;
				CLANG_WARN_DIRECT_OBJC_ISA_USAGE = YES_ERROR;
				CLANG_WARN_DOCUMENTATION_COMMENTS = YES;
				CLANG_WARN_EMPTY_BODY = YES;
				CLANG_WARN_ENUM_CONVERSION = YES;
				CLANG_WARN_INFINITE_RECURSION = YES;
				CLANG_WARN_INT_CONVERSION = YES;
				CLANG_WARN_NON_LITERAL_NULL_CONVERSION = YES;
				CLANG_WARN_OBJC_IMPLICIT_RETAIN_SELF = YES;
				CLANG_WARN_OBJC_LITERAL_CONVERSION = YES;
				CLANG_WARN_OBJC_ROOT_CLASS = YES_ERROR;
				CLANG_WARN_RANGE_LOOP_ANALYSIS = YES;
				CLANG_WARN_STRICT_PROTOTYPES = YES;
				CLANG_WARN_SUSPICIOUS_MOVE = YES;
				CLANG_WARN_UNGUARDED_AVAILABILITY = YES_AGGRESSIVE;
				CLANG_WARN_UNREACHABLE_CODE = YES;
				CLANG_WARN__DUPLICATE_METHOD_MATCH = YES;
				CODE_SIGN_IDENTITY = "iPhone Developer";
				COPY_PHASE_STRIP = NO;
				DEBUG_INFORMATION_FORMAT = dwarf;
				ENABLE_STRICT_OBJC_MSGSEND = YES;
				ENABLE_TESTABILITY = YES;
				GCC_C_LANGUAGE_STANDARD = gnu11;
				GCC_DYNAMIC_NO_PIC = NO;
				GCC_NO_COMMON_BLOCKS = YES;
				GCC_OPTIMIZATION_LEVEL = 0;
				GCC_PREPROCESSOR_DEFINITIONS = (
					"DEBUG=1",
					"$(inherited)",
				);
				GCC_WARN_64_TO_32_BIT_CONVERSION = YES;
				GCC_WARN_ABOUT_RETURN_TYPE = YES_ERROR;
				GCC_WARN_UNDECLARED_SELECTOR = YES;
				GCC_WARN_UNINITIALIZED_AUTOS = YES_AGGRESSIVE;
				GCC_WARN_UNUSED_FUNCTION = YES;
				GCC_WARN_UNUSED_VARIABLE = YES;
				IPHONEOS_DEPLOYMENT_TARGET = 12.1;
				MTL_ENABLE_DEBUG_INFO = INCLUDE_SOURCE;
				MTL_FAST_MATH = YES;
				ONLY_ACTIVE_ARCH = YES;
				SDKROOT = iphoneos;
				SWIFT_ACTIVE_COMPILATION_CONDITIONS = DEBUG;
				SWIFT_OPTIMIZATION_LEVEL = "-Onone";
			};
			name = Debug;
		};
		AB522ABD21CF2953002421B8 /* Release */ = {
			isa = XCBuildConfiguration;
			buildSettings = {
				ALWAYS_SEARCH_USER_PATHS = NO;
				CLANG_ANALYZER_NONNULL = YES;
				CLANG_ANALYZER_NUMBER_OBJECT_CONVERSION = YES_AGGRESSIVE;
				CLANG_CXX_LANGUAGE_STANDARD = "gnu++14";
				CLANG_CXX_LIBRARY = "libc++";
				CLANG_ENABLE_MODULES = YES;
				CLANG_ENABLE_OBJC_ARC = YES;
				CLANG_ENABLE_OBJC_WEAK = YES;
				CLANG_WARN_BLOCK_CAPTURE_AUTORELEASING = YES;
				CLANG_WARN_BOOL_CONVERSION = YES;
				CLANG_WARN_COMMA = YES;
				CLANG_WARN_CONSTANT_CONVERSION = YES;
				CLANG_WARN_DEPRECATED_OBJC_IMPLEMENTATIONS = YES;
				CLANG_WARN_DIRECT_OBJC_ISA_USAGE = YES_ERROR;
				CLANG_WARN_DOCUMENTATION_COMMENTS = YES;
				CLANG_WARN_EMPTY_BODY = YES;
				CLANG_WARN_ENUM_CONVERSION = YES;
				CLANG_WARN_INFINITE_RECURSION = YES;
				CLANG_WARN_INT_CONVERSION = YES;
				CLANG_WARN_NON_LITERAL_NULL_CONVERSION = YES;
				CLANG_WARN_OBJC_IMPLICIT_RETAIN_SELF = YES;
				CLANG_WARN_OBJC_LITERAL_CONVERSION = YES;
				CLANG_WARN_OBJC_ROOT_CLASS = YES_ERROR;
				CLANG_WARN_RANGE_LOOP_ANALYSIS = YES;
				CLANG_WARN_STRICT_PROTOTYPES = YES;
				CLANG_WARN_SUSPICIOUS_MOVE = YES;
				CLANG_WARN_UNGUARDED_AVAILABILITY = YES_AGGRESSIVE;
				CLANG_WARN_UNREACHABLE_CODE = YES;
				CLANG_WARN__DUPLICATE_METHOD_MATCH = YES;
				CODE_SIGN_IDENTITY = "iPhone Developer";
				COPY_PHASE_STRIP = NO;
				DEBUG_INFORMATION_FORMAT = "dwarf-with-dsym";
				ENABLE_NS_ASSERTIONS = NO;
				ENABLE_STRICT_OBJC_MSGSEND = YES;
				GCC_C_LANGUAGE_STANDARD = gnu11;
				GCC_NO_COMMON_BLOCKS = YES;
				GCC_WARN_64_TO_32_BIT_CONVERSION = YES;
				GCC_WARN_ABOUT_RETURN_TYPE = YES_ERROR;
				GCC_WARN_UNDECLARED_SELECTOR = YES;
				GCC_WARN_UNINITIALIZED_AUTOS = YES_AGGRESSIVE;
				GCC_WARN_UNUSED_FUNCTION = YES;
				GCC_WARN_UNUSED_VARIABLE = YES;
				IPHONEOS_DEPLOYMENT_TARGET = 12.1;
				MTL_ENABLE_DEBUG_INFO = NO;
				MTL_FAST_MATH = YES;
				SDKROOT = iphoneos;
				SWIFT_COMPILATION_MODE = wholemodule;
				SWIFT_OPTIMIZATION_LEVEL = "-O";
				VALIDATE_PRODUCT = YES;
			};
			name = Release;
		};
		AB522ABF21CF2953002421B8 /* Debug */ = {
			isa = XCBuildConfiguration;
			baseConfigurationReference = 0978C0E2B5A6224A2E25AE37 /* Pods-LearnLanguages.debug.xcconfig */;
			buildSettings = {
				ASSETCATALOG_COMPILER_APPICON_NAME = AppIcon;
				CODE_SIGN_ENTITLEMENTS = LearnLanguages/LearnLanguages.entitlements;
				CODE_SIGN_STYLE = Automatic;
				DEVELOPMENT_TEAM = 4J5W7CJ2ZV;
				ENABLE_BITCODE = NO;
				FRAMEWORK_SEARCH_PATHS = (
					"$(inherited)",
					"$(PROJECT_DIR)/Pods/MobileVLCKit",
				);
				INFOPLIST_FILE = LearnLanguages/Info.plist;
				IPHONEOS_DEPLOYMENT_TARGET = 11.0;
				LD_RUNPATH_SEARCH_PATHS = (
					"$(inherited)",
					"@executable_path/Frameworks",
				);
				PRODUCT_BUNDLE_IDENTIFIER = eu.amirs.learnlanguages;
				PRODUCT_NAME = "$(TARGET_NAME)";
				SWIFT_OBJC_BRIDGING_HEADER = "LearnLanguages-Bridging-Header.h";
				SWIFT_VERSION = 4.2;
				TARGETED_DEVICE_FAMILY = "1,2";
			};
			name = Debug;
		};
		AB522AC021CF2953002421B8 /* Release */ = {
			isa = XCBuildConfiguration;
			baseConfigurationReference = DEF7BFD5B0DCD7F975383589 /* Pods-LearnLanguages.release.xcconfig */;
			buildSettings = {
				ASSETCATALOG_COMPILER_APPICON_NAME = AppIcon;
				CODE_SIGN_ENTITLEMENTS = LearnLanguages/LearnLanguages.entitlements;
				CODE_SIGN_STYLE = Automatic;
				DEVELOPMENT_TEAM = 4J5W7CJ2ZV;
				ENABLE_BITCODE = NO;
				FRAMEWORK_SEARCH_PATHS = (
					"$(inherited)",
					"$(PROJECT_DIR)/Pods/MobileVLCKit",
				);
				INFOPLIST_FILE = LearnLanguages/Info.plist;
				IPHONEOS_DEPLOYMENT_TARGET = 11.0;
				LD_RUNPATH_SEARCH_PATHS = (
					"$(inherited)",
					"@executable_path/Frameworks",
				);
				PRODUCT_BUNDLE_IDENTIFIER = eu.amirs.learnlanguages;
				PRODUCT_NAME = "$(TARGET_NAME)";
				SWIFT_OBJC_BRIDGING_HEADER = "LearnLanguages-Bridging-Header.h";
				SWIFT_VERSION = 4.2;
				TARGETED_DEVICE_FAMILY = "1,2";
			};
			name = Release;
		};
/* End XCBuildConfiguration section */

/* Begin XCConfigurationList section */
		AB522AA721CF2951002421B8 /* Build configuration list for PBXProject "LearnLanguages" */ = {
			isa = XCConfigurationList;
			buildConfigurations = (
				AB522ABC21CF2953002421B8 /* Debug */,
				AB522ABD21CF2953002421B8 /* Release */,
			);
			defaultConfigurationIsVisible = 0;
			defaultConfigurationName = Release;
		};
		AB522ABE21CF2953002421B8 /* Build configuration list for PBXNativeTarget "LearnLanguages" */ = {
			isa = XCConfigurationList;
			buildConfigurations = (
				AB522ABF21CF2953002421B8 /* Debug */,
				AB522AC021CF2953002421B8 /* Release */,
			);
			defaultConfigurationIsVisible = 0;
			defaultConfigurationName = Release;
		};
/* End XCConfigurationList section */
	};
	rootObject = AB522AA421CF2951002421B8 /* Project object */;
}
